PODS:
  - FBSnapshotTestCase (2.1.4):
    - FBSnapshotTestCase/SwiftSupport (= 2.1.4)
  - FBSnapshotTestCase/Core (2.1.4)
  - FBSnapshotTestCase/SwiftSupport (2.1.4):
    - FBSnapshotTestCase/Core
  - Kiwi (3.0.0)
  - Streamer (0.1.0)

DEPENDENCIES:
  - FBSnapshotTestCase
  - Kiwi
  - Streamer (from `../`)

SPEC REPOS:
  https://github.com/cocoapods/specs.git:
    - FBSnapshotTestCase
    - Kiwi

EXTERNAL SOURCES:
  Streamer:
    :path: "../"

SPEC CHECKSUMS:
  FBSnapshotTestCase: 094f9f314decbabe373b87cc339bea235a63e07a
  Kiwi: fbeafef0f00e4d8f7dcb3420a4930afe70af77f7
  Streamer: 2009c3de70154d5c7e07b6306d54169c22d5ce26

PODFILE CHECKSUM: 4b35007dcbcfbc1811885207fac05922a54deba7

COCOAPODS: 1.5.3
